// !$*UTF8*$!
{
	archiveVersion = 1;
	classes = {
	};
	objectVersion = 56;
	objects = {

/* Begin PBXBuildFile section */
		1F2119E32A6FD008000FEB49 /* The Workable Logo - 4.png in Resources */ = {isa = PBXBuildFile; fileRef = 1F2119E22A6FD008000FEB49 /* The Workable Logo - 4.png */; };
		1F2119E52A70032A000FEB49 /* InfoTableViewCell.swift in Sources */ = {isa = PBXBuildFile; fileRef = 1F2119E42A70032A000FEB49 /* InfoTableViewCell.swift */; };
		1F6C07762A57FF7A00B4EAFE /* AppDelegate.swift in Sources */ = {isa = PBXBuildFile; fileRef = 1F6C07752A57FF7A00B4EAFE /* AppDelegate.swift */; };
		1F6C07782A57FF7A00B4EAFE /* SceneDelegate.swift in Sources */ = {isa = PBXBuildFile; fileRef = 1F6C07772A57FF7A00B4EAFE /* SceneDelegate.swift */; };
		1F6C077A2A57FF7A00B4EAFE /* HomeViewController.swift in Sources */ = {isa = PBXBuildFile; fileRef = 1F6C07792A57FF7A00B4EAFE /* HomeViewController.swift */; };
		1F6C077F2A57FF7B00B4EAFE /* Assets.xcassets in Resources */ = {isa = PBXBuildFile; fileRef = 1F6C077E2A57FF7B00B4EAFE /* Assets.xcassets */; };
		1F6C07822A57FF7B00B4EAFE /* LaunchScreen.storyboard in Resources */ = {isa = PBXBuildFile; fileRef = 1F6C07802A57FF7B00B4EAFE /* LaunchScreen.storyboard */; };
		1FB332C72A65D42B00A046C8 /* PersonalInfoViewController.swift in Sources */ = {isa = PBXBuildFile; fileRef = 1FB332C62A65D42B00A046C8 /* PersonalInfoViewController.swift */; };
		1FB332C92A65D5CD00A046C8 /* SettingsTableViewCell.swift in Sources */ = {isa = PBXBuildFile; fileRef = 1FB332C82A65D5CD00A046C8 /* SettingsTableViewCell.swift */; };
		1FB332CB2A65D60300A046C8 /* FAQViewController.swift in Sources */ = {isa = PBXBuildFile; fileRef = 1FB332CA2A65D60300A046C8 /* FAQViewController.swift */; };
		1FC9ABEF2A7059380066733E /* AppCheck.swift in Sources */ = {isa = PBXBuildFile; fileRef = 1FC9ABEE2A7059380066733E /* AppCheck.swift */; };
		1FEC98AF2A601AF100C5C83B /* LogInViewController.swift in Sources */ = {isa = PBXBuildFile; fileRef = 1FEC98AE2A601AF100C5C83B /* LogInViewController.swift */; };
		1FEC98B12A601AFC00C5C83B /* SignUpViewController.swift in Sources */ = {isa = PBXBuildFile; fileRef = 1FEC98B02A601AFC00C5C83B /* SignUpViewController.swift */; };
		1FEC98B32A601B0400C5C83B /* ProfileViewController.swift in Sources */ = {isa = PBXBuildFile; fileRef = 1FEC98B22A601B0400C5C83B /* ProfileViewController.swift */; };
		1FEC98B52A601B1200C5C83B /* SubscriptionViewController.swift in Sources */ = {isa = PBXBuildFile; fileRef = 1FEC98B42A601B1200C5C83B /* SubscriptionViewController.swift */; };
		1FEC98B72A601BBA00C5C83B /* TabBarViewController.swift in Sources */ = {isa = PBXBuildFile; fileRef = 1FEC98B62A601BBA00C5C83B /* TabBarViewController.swift */; };
		1FEF6A032A6544850066CEC3 /* CredentialsViewController.swift in Sources */ = {isa = PBXBuildFile; fileRef = 1FEF6A022A6544850066CEC3 /* CredentialsViewController.swift */; };
		1FEF6A052A654F710066CEC3 /* GoogleService-Info.plist in Resources */ = {isa = PBXBuildFile; fileRef = 1FEF6A042A654F710066CEC3 /* GoogleService-Info.plist */; };
		298CA964B8B671ADFA45EC9E /* Pods_ESG_Connect.framework in Frameworks */ = {isa = PBXBuildFile; fileRef = A710F70B9E2902B36144D72C /* Pods_ESG_Connect.framework */; };
		AB957D60074B163FA348FB1A /* Pods_ESG_Connect_ESG_ConnectUITests.framework in Frameworks */ = {isa = PBXBuildFile; fileRef = 9220239D9A1E9535406DEAD0 /* Pods_ESG_Connect_ESG_ConnectUITests.framework */; };
		F7C09D762A358D6E1243CD25 /* Pods_ESG_ConnectTests.framework in Frameworks */ = {isa = PBXBuildFile; fileRef = 4D892AF5A43307C112E44742 /* Pods_ESG_ConnectTests.framework */; };
/* End PBXBuildFile section */

/* Begin PBXContainerItemProxy section */
		1F6C07892A57FF7C00B4EAFE /* PBXContainerItemProxy */ = {
			isa = PBXContainerItemProxy;
			containerPortal = 1F6C076A2A57FF7A00B4EAFE /* Project object */;
			proxyType = 1;
			remoteGlobalIDString = 1F6C07712A57FF7A00B4EAFE;
			remoteInfo = "ESG Connect";
		};
		1F6C07932A57FF7C00B4EAFE /* PBXContainerItemProxy */ = {
			isa = PBXContainerItemProxy;
			containerPortal = 1F6C076A2A57FF7A00B4EAFE /* Project object */;
			proxyType = 1;
			remoteGlobalIDString = 1F6C07712A57FF7A00B4EAFE;
			remoteInfo = "ESG Connect";
		};
/* End PBXContainerItemProxy section */

/* Begin PBXFileReference section */
		02AA3FFD4D7E11E644A63518 /* Pods-ESG Connect-ESG ConnectUITests.debug.xcconfig */ = {isa = PBXFileReference; includeInIndex = 1; lastKnownFileType = text.xcconfig; name = "Pods-ESG Connect-ESG ConnectUITests.debug.xcconfig"; path = "Target Support Files/Pods-ESG Connect-ESG ConnectUITests/Pods-ESG Connect-ESG ConnectUITests.debug.xcconfig"; sourceTree = "<group>"; };
		0F9A1FC9F8D0A71F093421F3 /* Pods-ESG ConnectTests.release.xcconfig */ = {isa = PBXFileReference; includeInIndex = 1; lastKnownFileType = text.xcconfig; name = "Pods-ESG ConnectTests.release.xcconfig"; path = "Target Support Files/Pods-ESG ConnectTests/Pods-ESG ConnectTests.release.xcconfig"; sourceTree = "<group>"; };
		1F097B1E2A5C9C15005FBA32 /* README.md */ = {isa = PBXFileReference; lastKnownFileType = net.daringfireball.markdown; path = README.md; sourceTree = "<group>"; };
		1F097B1F2A5C9C22005FBA32 /* CHANGELOG.md */ = {isa = PBXFileReference; lastKnownFileType = net.daringfireball.markdown; path = CHANGELOG.md; sourceTree = "<group>"; };
		1F2119E22A6FD008000FEB49 /* The Workable Logo - 4.png */ = {isa = PBXFileReference; lastKnownFileType = image.png; path = "The Workable Logo - 4.png"; sourceTree = "<group>"; };
		1F2119E42A70032A000FEB49 /* InfoTableViewCell.swift */ = {isa = PBXFileReference; lastKnownFileType = sourcecode.swift; path = InfoTableViewCell.swift; sourceTree = "<group>"; };
		1F2119E62A704FAB000FEB49 /* ESG Connect.entitlements */ = {isa = PBXFileReference; lastKnownFileType = text.plist.entitlements; path = "ESG Connect.entitlements"; sourceTree = "<group>"; };
		1F6C07722A57FF7A00B4EAFE /* ESG Connect.app */ = {isa = PBXFileReference; explicitFileType = wrapper.application; includeInIndex = 0; path = "ESG Connect.app"; sourceTree = BUILT_PRODUCTS_DIR; };
		1F6C07752A57FF7A00B4EAFE /* AppDelegate.swift */ = {isa = PBXFileReference; lastKnownFileType = sourcecode.swift; path = AppDelegate.swift; sourceTree = "<group>"; };
		1F6C07772A57FF7A00B4EAFE /* SceneDelegate.swift */ = {isa = PBXFileReference; lastKnownFileType = sourcecode.swift; path = SceneDelegate.swift; sourceTree = "<group>"; };
		1F6C07792A57FF7A00B4EAFE /* HomeViewController.swift */ = {isa = PBXFileReference; lastKnownFileType = sourcecode.swift; path = HomeViewController.swift; sourceTree = "<group>"; };
		1F6C077E2A57FF7B00B4EAFE /* Assets.xcassets */ = {isa = PBXFileReference; lastKnownFileType = folder.assetcatalog; path = Assets.xcassets; sourceTree = "<group>"; };
		1F6C07812A57FF7B00B4EAFE /* Base */ = {isa = PBXFileReference; lastKnownFileType = file.storyboard; name = Base; path = Base.lproj/LaunchScreen.storyboard; sourceTree = "<group>"; };
		1F6C07832A57FF7B00B4EAFE /* Info.plist */ = {isa = PBXFileReference; lastKnownFileType = text.plist.xml; path = Info.plist; sourceTree = "<group>"; };
		1F6C07882A57FF7C00B4EAFE /* ESG ConnectTests.xctest */ = {isa = PBXFileReference; explicitFileType = wrapper.cfbundle; includeInIndex = 0; path = "ESG ConnectTests.xctest"; sourceTree = BUILT_PRODUCTS_DIR; };
		1F6C07922A57FF7C00B4EAFE /* ESG ConnectUITests.xctest */ = {isa = PBXFileReference; explicitFileType = wrapper.cfbundle; includeInIndex = 0; path = "ESG ConnectUITests.xctest"; sourceTree = BUILT_PRODUCTS_DIR; };
		1FB332C62A65D42B00A046C8 /* PersonalInfoViewController.swift */ = {isa = PBXFileReference; lastKnownFileType = sourcecode.swift; path = PersonalInfoViewController.swift; sourceTree = "<group>"; };
		1FB332C82A65D5CD00A046C8 /* SettingsTableViewCell.swift */ = {isa = PBXFileReference; lastKnownFileType = sourcecode.swift; path = SettingsTableViewCell.swift; sourceTree = "<group>"; };
		1FB332CA2A65D60300A046C8 /* FAQViewController.swift */ = {isa = PBXFileReference; lastKnownFileType = sourcecode.swift; path = FAQViewController.swift; sourceTree = "<group>"; };
		1FC9ABEE2A7059380066733E /* AppCheck.swift */ = {isa = PBXFileReference; lastKnownFileType = sourcecode.swift; path = AppCheck.swift; sourceTree = "<group>"; };
		1FEC98AE2A601AF100C5C83B /* LogInViewController.swift */ = {isa = PBXFileReference; lastKnownFileType = sourcecode.swift; path = LogInViewController.swift; sourceTree = "<group>"; };
		1FEC98B02A601AFC00C5C83B /* SignUpViewController.swift */ = {isa = PBXFileReference; lastKnownFileType = sourcecode.swift; path = SignUpViewController.swift; sourceTree = "<group>"; };
		1FEC98B22A601B0400C5C83B /* ProfileViewController.swift */ = {isa = PBXFileReference; lastKnownFileType = sourcecode.swift; path = ProfileViewController.swift; sourceTree = "<group>"; };
		1FEC98B42A601B1200C5C83B /* SubscriptionViewController.swift */ = {isa = PBXFileReference; lastKnownFileType = sourcecode.swift; path = SubscriptionViewController.swift; sourceTree = "<group>"; };
		1FEC98B62A601BBA00C5C83B /* TabBarViewController.swift */ = {isa = PBXFileReference; lastKnownFileType = sourcecode.swift; path = TabBarViewController.swift; sourceTree = "<group>"; };
		1FEF6A022A6544850066CEC3 /* CredentialsViewController.swift */ = {isa = PBXFileReference; lastKnownFileType = sourcecode.swift; path = CredentialsViewController.swift; sourceTree = "<group>"; };
		1FEF6A042A654F710066CEC3 /* GoogleService-Info.plist */ = {isa = PBXFileReference; fileEncoding = 4; lastKnownFileType = text.plist.xml; path = "GoogleService-Info.plist"; sourceTree = "<group>"; };
		4D892AF5A43307C112E44742 /* Pods_ESG_ConnectTests.framework */ = {isa = PBXFileReference; explicitFileType = wrapper.framework; includeInIndex = 0; path = Pods_ESG_ConnectTests.framework; sourceTree = BUILT_PRODUCTS_DIR; };
		696D68F000FB086E4EBFB17E /* Pods-ESG Connect.debug.xcconfig */ = {isa = PBXFileReference; includeInIndex = 1; lastKnownFileType = text.xcconfig; name = "Pods-ESG Connect.debug.xcconfig"; path = "Target Support Files/Pods-ESG Connect/Pods-ESG Connect.debug.xcconfig"; sourceTree = "<group>"; };
		9220239D9A1E9535406DEAD0 /* Pods_ESG_Connect_ESG_ConnectUITests.framework */ = {isa = PBXFileReference; explicitFileType = wrapper.framework; includeInIndex = 0; path = Pods_ESG_Connect_ESG_ConnectUITests.framework; sourceTree = BUILT_PRODUCTS_DIR; };
		A710F70B9E2902B36144D72C /* Pods_ESG_Connect.framework */ = {isa = PBXFileReference; explicitFileType = wrapper.framework; includeInIndex = 0; path = Pods_ESG_Connect.framework; sourceTree = BUILT_PRODUCTS_DIR; };
		B59D1F12AE89124ABBCB53A0 /* Pods-ESG Connect.release.xcconfig */ = {isa = PBXFileReference; includeInIndex = 1; lastKnownFileType = text.xcconfig; name = "Pods-ESG Connect.release.xcconfig"; path = "Target Support Files/Pods-ESG Connect/Pods-ESG Connect.release.xcconfig"; sourceTree = "<group>"; };
		FAD09B4522E3D7BAC17CF95E /* Pods-ESG Connect-ESG ConnectUITests.release.xcconfig */ = {isa = PBXFileReference; includeInIndex = 1; lastKnownFileType = text.xcconfig; name = "Pods-ESG Connect-ESG ConnectUITests.release.xcconfig"; path = "Target Support Files/Pods-ESG Connect-ESG ConnectUITests/Pods-ESG Connect-ESG ConnectUITests.release.xcconfig"; sourceTree = "<group>"; };
		FB64741BE05CC0A764260DA5 /* Pods-ESG ConnectTests.debug.xcconfig */ = {isa = PBXFileReference; includeInIndex = 1; lastKnownFileType = text.xcconfig; name = "Pods-ESG ConnectTests.debug.xcconfig"; path = "Target Support Files/Pods-ESG ConnectTests/Pods-ESG ConnectTests.debug.xcconfig"; sourceTree = "<group>"; };
/* End PBXFileReference section */

/* Begin PBXFrameworksBuildPhase section */
		1F6C076F2A57FF7A00B4EAFE /* Frameworks */ = {
			isa = PBXFrameworksBuildPhase;
			buildActionMask = 2147483647;
			files = (
				298CA964B8B671ADFA45EC9E /* Pods_ESG_Connect.framework in Frameworks */,
			);
			runOnlyForDeploymentPostprocessing = 0;
		};
		1F6C07852A57FF7C00B4EAFE /* Frameworks */ = {
			isa = PBXFrameworksBuildPhase;
			buildActionMask = 2147483647;
			files = (
				F7C09D762A358D6E1243CD25 /* Pods_ESG_ConnectTests.framework in Frameworks */,
			);
			runOnlyForDeploymentPostprocessing = 0;
		};
		1F6C078F2A57FF7C00B4EAFE /* Frameworks */ = {
			isa = PBXFrameworksBuildPhase;
			buildActionMask = 2147483647;
			files = (
				AB957D60074B163FA348FB1A /* Pods_ESG_Connect_ESG_ConnectUITests.framework in Frameworks */,
			);
			runOnlyForDeploymentPostprocessing = 0;
		};
/* End PBXFrameworksBuildPhase section */

/* Begin PBXGroup section */
		1F2119E12A6FCFE1000FEB49 /* Images */ = {
			isa = PBXGroup;
			children = (
				1F2119E22A6FD008000FEB49 /* The Workable Logo - 4.png */,
			);
			path = Images;
			sourceTree = "<group>";
		};
		1F6C07692A57FF7A00B4EAFE = {
			isa = PBXGroup;
			children = (
				1F2119E62A704FAB000FEB49 /* ESG Connect.entitlements */,
				1F097B1F2A5C9C22005FBA32 /* CHANGELOG.md */,
				1F097B1E2A5C9C15005FBA32 /* README.md */,
				1F6C07742A57FF7A00B4EAFE /* ESGConnect */,
				1F6C07732A57FF7A00B4EAFE /* Products */,
				E2C210AD4FCEE95AAC5DE259 /* Pods */,
				D77CD2E0BB0305C18434B5F3 /* Frameworks */,
			);
			sourceTree = "<group>";
		};
		1F6C07732A57FF7A00B4EAFE /* Products */ = {
			isa = PBXGroup;
			children = (
				1F6C07722A57FF7A00B4EAFE /* ESG Connect.app */,
				1F6C07882A57FF7C00B4EAFE /* ESG ConnectTests.xctest */,
				1F6C07922A57FF7C00B4EAFE /* ESG ConnectUITests.xctest */,
			);
			name = Products;
			sourceTree = "<group>";
		};
		1F6C07742A57FF7A00B4EAFE /* ESGConnect */ = {
			isa = PBXGroup;
			children = (
				1F2119E12A6FCFE1000FEB49 /* Images */,
				1FEC98BE2A601C2B00C5C83B /* Helper */,
				1FEF69FD2A653E590066CEC3 /* Credentials */,
				1FEC98BD2A601C1700C5C83B /* Home */,
				1FEC98BB2A601BDF00C5C83B /* Subscription */,
				1FEC98BA2A601BD900C5C83B /* Profile */,
				1F6C07752A57FF7A00B4EAFE /* AppDelegate.swift */,
				1F6C07772A57FF7A00B4EAFE /* SceneDelegate.swift */,
				1FEC98B62A601BBA00C5C83B /* TabBarViewController.swift */,
				1F6C077E2A57FF7B00B4EAFE /* Assets.xcassets */,
				1F6C07802A57FF7B00B4EAFE /* LaunchScreen.storyboard */,
				1F6C07832A57FF7B00B4EAFE /* Info.plist */,
				1FEF6A042A654F710066CEC3 /* GoogleService-Info.plist */,
			);
			path = ESGConnect;
			sourceTree = "<group>";
		};
		1FEC98B82A601BC200C5C83B /* LogIn */ = {
			isa = PBXGroup;
			children = (
				1FEC98AE2A601AF100C5C83B /* LogInViewController.swift */,
			);
			path = LogIn;
			sourceTree = "<group>";
		};
		1FEC98B92A601BD300C5C83B /* SignUp */ = {
			isa = PBXGroup;
			children = (
				1FEC98B02A601AFC00C5C83B /* SignUpViewController.swift */,
			);
			path = SignUp;
			sourceTree = "<group>";
		};
		1FEC98BA2A601BD900C5C83B /* Profile */ = {
			isa = PBXGroup;
			children = (
				1FEC98B22A601B0400C5C83B /* ProfileViewController.swift */,
				1FB332C62A65D42B00A046C8 /* PersonalInfoViewController.swift */,
				1FB332C82A65D5CD00A046C8 /* SettingsTableViewCell.swift */,
				1FB332CA2A65D60300A046C8 /* FAQViewController.swift */,
			);
			path = Profile;
			sourceTree = "<group>";
		};
		1FEC98BB2A601BDF00C5C83B /* Subscription */ = {
			isa = PBXGroup;
			children = (
				1FEC98B42A601B1200C5C83B /* SubscriptionViewController.swift */,
			);
			path = Subscription;
			sourceTree = "<group>";
		};
		1FEC98BD2A601C1700C5C83B /* Home */ = {
			isa = PBXGroup;
			children = (
				1F6C07792A57FF7A00B4EAFE /* HomeViewController.swift */,
				1F2119E42A70032A000FEB49 /* InfoTableViewCell.swift */,
			);
			path = Home;
			sourceTree = "<group>";
		};
		1FEC98BE2A601C2B00C5C83B /* Helper */ = {
			isa = PBXGroup;
			children = (
				1FC9ABEE2A7059380066733E /* AppCheck.swift */,
			);
			path = Helper;
			sourceTree = "<group>";
		};
		1FEF69FD2A653E590066CEC3 /* Credentials */ = {
			isa = PBXGroup;
			children = (
				1FEC98B82A601BC200C5C83B /* LogIn */,
				1FEC98B92A601BD300C5C83B /* SignUp */,
				1FEF6A022A6544850066CEC3 /* CredentialsViewController.swift */,
			);
			path = Credentials;
			sourceTree = "<group>";
		};
		D77CD2E0BB0305C18434B5F3 /* Frameworks */ = {
			isa = PBXGroup;
			children = (
				A710F70B9E2902B36144D72C /* Pods_ESG_Connect.framework */,
				9220239D9A1E9535406DEAD0 /* Pods_ESG_Connect_ESG_ConnectUITests.framework */,
				4D892AF5A43307C112E44742 /* Pods_ESG_ConnectTests.framework */,
			);
			name = Frameworks;
			sourceTree = "<group>";
		};
		E2C210AD4FCEE95AAC5DE259 /* Pods */ = {
			isa = PBXGroup;
			children = (
				696D68F000FB086E4EBFB17E /* Pods-ESG Connect.debug.xcconfig */,
				B59D1F12AE89124ABBCB53A0 /* Pods-ESG Connect.release.xcconfig */,
				02AA3FFD4D7E11E644A63518 /* Pods-ESG Connect-ESG ConnectUITests.debug.xcconfig */,
				FAD09B4522E3D7BAC17CF95E /* Pods-ESG Connect-ESG ConnectUITests.release.xcconfig */,
				FB64741BE05CC0A764260DA5 /* Pods-ESG ConnectTests.debug.xcconfig */,
				0F9A1FC9F8D0A71F093421F3 /* Pods-ESG ConnectTests.release.xcconfig */,
			);
			path = Pods;
			sourceTree = "<group>";
		};
/* End PBXGroup section */

/* Begin PBXNativeTarget section */
		1F6C07712A57FF7A00B4EAFE /* ESG Connect */ = {
			isa = PBXNativeTarget;
			buildConfigurationList = 1F6C079C2A57FF7C00B4EAFE /* Build configuration list for PBXNativeTarget "ESG Connect" */;
			buildPhases = (
				20C7F4FAC21942D2877E0608 /* [CP] Check Pods Manifest.lock */,
				1F6C076E2A57FF7A00B4EAFE /* Sources */,
				1F6C076F2A57FF7A00B4EAFE /* Frameworks */,
				1F6C07702A57FF7A00B4EAFE /* Resources */,
				1FC9ABED2A70588E0066733E /* ShellScript */,
				7E1A39094444EF104972D944 /* [CP] Embed Pods Frameworks */,
			);
			buildRules = (
			);
			dependencies = (
			);
			name = "ESG Connect";
			productName = "ESG Connect";
			productReference = 1F6C07722A57FF7A00B4EAFE /* ESG Connect.app */;
			productType = "com.apple.product-type.application";
		};
		1F6C07872A57FF7C00B4EAFE /* ESG ConnectTests */ = {
			isa = PBXNativeTarget;
			buildConfigurationList = 1F6C079F2A57FF7C00B4EAFE /* Build configuration list for PBXNativeTarget "ESG ConnectTests" */;
			buildPhases = (
				F2230AB5E984A0B3598F933A /* [CP] Check Pods Manifest.lock */,
				1F6C07842A57FF7C00B4EAFE /* Sources */,
				1F6C07852A57FF7C00B4EAFE /* Frameworks */,
				1F6C07862A57FF7C00B4EAFE /* Resources */,
			);
			buildRules = (
			);
			dependencies = (
				1F6C078A2A57FF7C00B4EAFE /* PBXTargetDependency */,
			);
			name = "ESG ConnectTests";
			productName = "ESG ConnectTests";
			productReference = 1F6C07882A57FF7C00B4EAFE /* ESG ConnectTests.xctest */;
			productType = "com.apple.product-type.bundle.unit-test";
		};
		1F6C07912A57FF7C00B4EAFE /* ESG ConnectUITests */ = {
			isa = PBXNativeTarget;
			buildConfigurationList = 1F6C07A22A57FF7C00B4EAFE /* Build configuration list for PBXNativeTarget "ESG ConnectUITests" */;
			buildPhases = (
				52304B886A484A05F1A81248 /* [CP] Check Pods Manifest.lock */,
				1F6C078E2A57FF7C00B4EAFE /* Sources */,
				1F6C078F2A57FF7C00B4EAFE /* Frameworks */,
				1F6C07902A57FF7C00B4EAFE /* Resources */,
				79F04BFA3A58DFC8149DED65 /* [CP] Embed Pods Frameworks */,
			);
			buildRules = (
			);
			dependencies = (
				1F6C07942A57FF7C00B4EAFE /* PBXTargetDependency */,
			);
			name = "ESG ConnectUITests";
			productName = "ESG ConnectUITests";
			productReference = 1F6C07922A57FF7C00B4EAFE /* ESG ConnectUITests.xctest */;
			productType = "com.apple.product-type.bundle.ui-testing";
		};
/* End PBXNativeTarget section */

/* Begin PBXProject section */
		1F6C076A2A57FF7A00B4EAFE /* Project object */ = {
			isa = PBXProject;
			attributes = {
				BuildIndependentTargetsInParallel = 1;
				LastSwiftUpdateCheck = 1430;
				LastUpgradeCheck = 1430;
				TargetAttributes = {
					1F6C07712A57FF7A00B4EAFE = {
						CreatedOnToolsVersion = 14.3.1;
					};
					1F6C07872A57FF7C00B4EAFE = {
						CreatedOnToolsVersion = 14.3.1;
						TestTargetID = 1F6C07712A57FF7A00B4EAFE;
					};
					1F6C07912A57FF7C00B4EAFE = {
						CreatedOnToolsVersion = 14.3.1;
						TestTargetID = 1F6C07712A57FF7A00B4EAFE;
					};
				};
			};
			buildConfigurationList = 1F6C076D2A57FF7A00B4EAFE /* Build configuration list for PBXProject "ESG Connect" */;
			compatibilityVersion = "Xcode 14.0";
			developmentRegion = en;
			hasScannedForEncodings = 0;
			knownRegions = (
				en,
				Base,
			);
			mainGroup = 1F6C07692A57FF7A00B4EAFE;
			productRefGroup = 1F6C07732A57FF7A00B4EAFE /* Products */;
			projectDirPath = "";
			projectRoot = "";
			targets = (
				1F6C07712A57FF7A00B4EAFE /* ESG Connect */,
				1F6C07872A57FF7C00B4EAFE /* ESG ConnectTests */,
				1F6C07912A57FF7C00B4EAFE /* ESG ConnectUITests */,
			);
		};
/* End PBXProject section */

/* Begin PBXResourcesBuildPhase section */
		1F6C07702A57FF7A00B4EAFE /* Resources */ = {
			isa = PBXResourcesBuildPhase;
			buildActionMask = 2147483647;
			files = (
				1F6C07822A57FF7B00B4EAFE /* LaunchScreen.storyboard in Resources */,
				1F6C077F2A57FF7B00B4EAFE /* Assets.xcassets in Resources */,
				1F2119E32A6FD008000FEB49 /* The Workable Logo - 4.png in Resources */,
				1FEF6A052A654F710066CEC3 /* GoogleService-Info.plist in Resources */,
			);
			runOnlyForDeploymentPostprocessing = 0;
		};
		1F6C07862A57FF7C00B4EAFE /* Resources */ = {
			isa = PBXResourcesBuildPhase;
			buildActionMask = 2147483647;
			files = (
			);
			runOnlyForDeploymentPostprocessing = 0;
		};
		1F6C07902A57FF7C00B4EAFE /* Resources */ = {
			isa = PBXResourcesBuildPhase;
			buildActionMask = 2147483647;
			files = (
			);
			runOnlyForDeploymentPostprocessing = 0;
		};
/* End PBXResourcesBuildPhase section */

/* Begin PBXShellScriptBuildPhase section */
		1FC9ABED2A70588E0066733E /* ShellScript */ = {
			isa = PBXShellScriptBuildPhase;
			buildActionMask = 2147483647;
			files = (
			);
			inputFileListPaths = (
			);
			inputPaths = (
				"$(SRCROOT)/$(BUILT_PRODUCTS_DIR)/$(INFOPLIST_PATH)",
				"${DWARF_DSYM_FOLDER_PATH}/${DWARF_DSYM_FILE_NAME}/Contents/Resources/DWARF/${TARGET_NAME}",
			);
			outputFileListPaths = (
			);
			outputPaths = (
			);
			runOnlyForDeploymentPostprocessing = 0;
			shellPath = /bin/sh;
			shellScript = "# Type a script or drag a script file from your workspace to insert its path.\n\"${PODS_ROOT}/FirebaseCrashlytics/run\"\n";
		};
		20C7F4FAC21942D2877E0608 /* [CP] Check Pods Manifest.lock */ = {
			isa = PBXShellScriptBuildPhase;
			buildActionMask = 2147483647;
			files = (
			);
			inputFileListPaths = (
			);
			inputPaths = (
				"${PODS_PODFILE_DIR_PATH}/Podfile.lock",
				"${PODS_ROOT}/Manifest.lock",
			);
			name = "[CP] Check Pods Manifest.lock";
			outputFileListPaths = (
			);
			outputPaths = (
				"$(DERIVED_FILE_DIR)/Pods-ESG Connect-checkManifestLockResult.txt",
			);
			runOnlyForDeploymentPostprocessing = 0;
			shellPath = /bin/sh;
			shellScript = "diff \"${PODS_PODFILE_DIR_PATH}/Podfile.lock\" \"${PODS_ROOT}/Manifest.lock\" > /dev/null\nif [ $? != 0 ] ; then\n    # print error to STDERR\n    echo \"error: The sandbox is not in sync with the Podfile.lock. Run 'pod install' or update your CocoaPods installation.\" >&2\n    exit 1\nfi\n# This output is used by Xcode 'outputs' to avoid re-running this script phase.\necho \"SUCCESS\" > \"${SCRIPT_OUTPUT_FILE_0}\"\n";
			showEnvVarsInLog = 0;
		};
		52304B886A484A05F1A81248 /* [CP] Check Pods Manifest.lock */ = {
			isa = PBXShellScriptBuildPhase;
			buildActionMask = 2147483647;
			files = (
			);
			inputFileListPaths = (
			);
			inputPaths = (
				"${PODS_PODFILE_DIR_PATH}/Podfile.lock",
				"${PODS_ROOT}/Manifest.lock",
			);
			name = "[CP] Check Pods Manifest.lock";
			outputFileListPaths = (
			);
			outputPaths = (
				"$(DERIVED_FILE_DIR)/Pods-ESG Connect-ESG ConnectUITests-checkManifestLockResult.txt",
			);
			runOnlyForDeploymentPostprocessing = 0;
			shellPath = /bin/sh;
			shellScript = "diff \"${PODS_PODFILE_DIR_PATH}/Podfile.lock\" \"${PODS_ROOT}/Manifest.lock\" > /dev/null\nif [ $? != 0 ] ; then\n    # print error to STDERR\n    echo \"error: The sandbox is not in sync with the Podfile.lock. Run 'pod install' or update your CocoaPods installation.\" >&2\n    exit 1\nfi\n# This output is used by Xcode 'outputs' to avoid re-running this script phase.\necho \"SUCCESS\" > \"${SCRIPT_OUTPUT_FILE_0}\"\n";
			showEnvVarsInLog = 0;
		};
		79F04BFA3A58DFC8149DED65 /* [CP] Embed Pods Frameworks */ = {
			isa = PBXShellScriptBuildPhase;
			buildActionMask = 2147483647;
			files = (
			);
			inputFileListPaths = (
				"${PODS_ROOT}/Target Support Files/Pods-ESG Connect-ESG ConnectUITests/Pods-ESG Connect-ESG ConnectUITests-frameworks-${CONFIGURATION}-input-files.xcfilelist",
			);
			name = "[CP] Embed Pods Frameworks";
			outputFileListPaths = (
				"${PODS_ROOT}/Target Support Files/Pods-ESG Connect-ESG ConnectUITests/Pods-ESG Connect-ESG ConnectUITests-frameworks-${CONFIGURATION}-output-files.xcfilelist",
			);
			runOnlyForDeploymentPostprocessing = 0;
			shellPath = /bin/sh;
			shellScript = "\"${PODS_ROOT}/Target Support Files/Pods-ESG Connect-ESG ConnectUITests/Pods-ESG Connect-ESG ConnectUITests-frameworks.sh\"\n";
			showEnvVarsInLog = 0;
		};
		7E1A39094444EF104972D944 /* [CP] Embed Pods Frameworks */ = {
			isa = PBXShellScriptBuildPhase;
			buildActionMask = 2147483647;
			files = (
			);
			inputFileListPaths = (
				"${PODS_ROOT}/Target Support Files/Pods-ESG Connect/Pods-ESG Connect-frameworks-${CONFIGURATION}-input-files.xcfilelist",
			);
			name = "[CP] Embed Pods Frameworks";
			outputFileListPaths = (
				"${PODS_ROOT}/Target Support Files/Pods-ESG Connect/Pods-ESG Connect-frameworks-${CONFIGURATION}-output-files.xcfilelist",
			);
			runOnlyForDeploymentPostprocessing = 0;
			shellPath = /bin/sh;
			shellScript = "\"${PODS_ROOT}/Target Support Files/Pods-ESG Connect/Pods-ESG Connect-frameworks.sh\"\n";
			showEnvVarsInLog = 0;
		};
		F2230AB5E984A0B3598F933A /* [CP] Check Pods Manifest.lock */ = {
			isa = PBXShellScriptBuildPhase;
			buildActionMask = 2147483647;
			files = (
			);
			inputFileListPaths = (
			);
			inputPaths = (
				"${PODS_PODFILE_DIR_PATH}/Podfile.lock",
				"${PODS_ROOT}/Manifest.lock",
			);
			name = "[CP] Check Pods Manifest.lock";
			outputFileListPaths = (
			);
			outputPaths = (
				"$(DERIVED_FILE_DIR)/Pods-ESG ConnectTests-checkManifestLockResult.txt",
			);
			runOnlyForDeploymentPostprocessing = 0;
			shellPath = /bin/sh;
			shellScript = "diff \"${PODS_PODFILE_DIR_PATH}/Podfile.lock\" \"${PODS_ROOT}/Manifest.lock\" > /dev/null\nif [ $? != 0 ] ; then\n    # print error to STDERR\n    echo \"error: The sandbox is not in sync with the Podfile.lock. Run 'pod install' or update your CocoaPods installation.\" >&2\n    exit 1\nfi\n# This output is used by Xcode 'outputs' to avoid re-running this script phase.\necho \"SUCCESS\" > \"${SCRIPT_OUTPUT_FILE_0}\"\n";
			showEnvVarsInLog = 0;
		};
/* End PBXShellScriptBuildPhase section */

/* Begin PBXSourcesBuildPhase section */
		1F6C076E2A57FF7A00B4EAFE /* Sources */ = {
			isa = PBXSourcesBuildPhase;
			buildActionMask = 2147483647;
			files = (
				1F2119E52A70032A000FEB49 /* InfoTableViewCell.swift in Sources */,
				1FEC98B72A601BBA00C5C83B /* TabBarViewController.swift in Sources */,
				1FC9ABEF2A7059380066733E /* AppCheck.swift in Sources */,
				1FEC98B32A601B0400C5C83B /* ProfileViewController.swift in Sources */,
				1FB332C72A65D42B00A046C8 /* PersonalInfoViewController.swift in Sources */,
				1FEC98AF2A601AF100C5C83B /* LogInViewController.swift in Sources */,
				1F6C077A2A57FF7A00B4EAFE /* HomeViewController.swift in Sources */,
				1FEF6A032A6544850066CEC3 /* CredentialsViewController.swift in Sources */,
				1FB332C92A65D5CD00A046C8 /* SettingsTableViewCell.swift in Sources */,
				1F6C07762A57FF7A00B4EAFE /* AppDelegate.swift in Sources */,
				1FEC98B52A601B1200C5C83B /* SubscriptionViewController.swift in Sources */,
				1FB332CB2A65D60300A046C8 /* FAQViewController.swift in Sources */,
				1F6C07782A57FF7A00B4EAFE /* SceneDelegate.swift in Sources */,
				1FEC98B12A601AFC00C5C83B /* SignUpViewController.swift in Sources */,
			);
			runOnlyForDeploymentPostprocessing = 0;
		};
		1F6C07842A57FF7C00B4EAFE /* Sources */ = {
			isa = PBXSourcesBuildPhase;
			buildActionMask = 2147483647;
			files = (
			);
			runOnlyForDeploymentPostprocessing = 0;
		};
		1F6C078E2A57FF7C00B4EAFE /* Sources */ = {
			isa = PBXSourcesBuildPhase;
			buildActionMask = 2147483647;
			files = (
			);
			runOnlyForDeploymentPostprocessing = 0;
		};
/* End PBXSourcesBuildPhase section */

/* Begin PBXTargetDependency section */
		1F6C078A2A57FF7C00B4EAFE /* PBXTargetDependency */ = {
			isa = PBXTargetDependency;
			target = 1F6C07712A57FF7A00B4EAFE /* ESG Connect */;
			targetProxy = 1F6C07892A57FF7C00B4EAFE /* PBXContainerItemProxy */;
		};
		1F6C07942A57FF7C00B4EAFE /* PBXTargetDependency */ = {
			isa = PBXTargetDependency;
			target = 1F6C07712A57FF7A00B4EAFE /* ESG Connect */;
			targetProxy = 1F6C07932A57FF7C00B4EAFE /* PBXContainerItemProxy */;
		};
/* End PBXTargetDependency section */

/* Begin PBXVariantGroup section */
		1F6C07802A57FF7B00B4EAFE /* LaunchScreen.storyboard */ = {
			isa = PBXVariantGroup;
			children = (
				1F6C07812A57FF7B00B4EAFE /* Base */,
			);
			name = LaunchScreen.storyboard;
			sourceTree = "<group>";
		};
/* End PBXVariantGroup section */

/* Begin XCBuildConfiguration section */
		1F6C079A2A57FF7C00B4EAFE /* Debug */ = {
			isa = XCBuildConfiguration;
			buildSettings = {
				ALWAYS_SEARCH_USER_PATHS = NO;
				CLANG_ANALYZER_NONNULL = YES;
				CLANG_ANALYZER_NUMBER_OBJECT_CONVERSION = YES_AGGRESSIVE;
				CLANG_CXX_LANGUAGE_STANDARD = "gnu++20";
				CLANG_ENABLE_MODULES = YES;
				CLANG_ENABLE_OBJC_ARC = YES;
				CLANG_ENABLE_OBJC_WEAK = YES;
				CLANG_WARN_BLOCK_CAPTURE_AUTORELEASING = YES;
				CLANG_WARN_BOOL_CONVERSION = YES;
				CLANG_WARN_COMMA = YES;
				CLANG_WARN_CONSTANT_CONVERSION = YES;
				CLANG_WARN_DEPRECATED_OBJC_IMPLEMENTATIONS = YES;
				CLANG_WARN_DIRECT_OBJC_ISA_USAGE = YES_ERROR;
				CLANG_WARN_DOCUMENTATION_COMMENTS = YES;
				CLANG_WARN_EMPTY_BODY = YES;
				CLANG_WARN_ENUM_CONVERSION = YES;
				CLANG_WARN_INFINITE_RECURSION = YES;
				CLANG_WARN_INT_CONVERSION = YES;
				CLANG_WARN_NON_LITERAL_NULL_CONVERSION = YES;
				CLANG_WARN_OBJC_IMPLICIT_RETAIN_SELF = YES;
				CLANG_WARN_OBJC_LITERAL_CONVERSION = YES;
				CLANG_WARN_OBJC_ROOT_CLASS = YES_ERROR;
				CLANG_WARN_QUOTED_INCLUDE_IN_FRAMEWORK_HEADER = YES;
				CLANG_WARN_RANGE_LOOP_ANALYSIS = YES;
				CLANG_WARN_STRICT_PROTOTYPES = YES;
				CLANG_WARN_SUSPICIOUS_MOVE = YES;
				CLANG_WARN_UNGUARDED_AVAILABILITY = YES_AGGRESSIVE;
				CLANG_WARN_UNREACHABLE_CODE = YES;
				CLANG_WARN__DUPLICATE_METHOD_MATCH = YES;
				COPY_PHASE_STRIP = NO;
				DEBUG_INFORMATION_FORMAT = dwarf;
				ENABLE_STRICT_OBJC_MSGSEND = YES;
				ENABLE_TESTABILITY = YES;
				GCC_C_LANGUAGE_STANDARD = gnu11;
				GCC_DYNAMIC_NO_PIC = NO;
				GCC_NO_COMMON_BLOCKS = YES;
				GCC_OPTIMIZATION_LEVEL = 0;
				GCC_PREPROCESSOR_DEFINITIONS = (
					"DEBUG=1",
					"$(inherited)",
				);
				GCC_WARN_64_TO_32_BIT_CONVERSION = YES;
				GCC_WARN_ABOUT_RETURN_TYPE = YES_ERROR;
				GCC_WARN_UNDECLARED_SELECTOR = YES;
				GCC_WARN_UNINITIALIZED_AUTOS = YES_AGGRESSIVE;
				GCC_WARN_UNUSED_FUNCTION = YES;
				GCC_WARN_UNUSED_VARIABLE = YES;
				IPHONEOS_DEPLOYMENT_TARGET = 14.0;
				MTL_ENABLE_DEBUG_INFO = INCLUDE_SOURCE;
				MTL_FAST_MATH = YES;
				ONLY_ACTIVE_ARCH = YES;
				SDKROOT = iphoneos;
				SWIFT_ACTIVE_COMPILATION_CONDITIONS = DEBUG;
				SWIFT_OPTIMIZATION_LEVEL = "-Onone";
			};
			name = Debug;
		};
		1F6C079B2A57FF7C00B4EAFE /* Release */ = {
			isa = XCBuildConfiguration;
			buildSettings = {
				ALWAYS_SEARCH_USER_PATHS = NO;
				CLANG_ANALYZER_NONNULL = YES;
				CLANG_ANALYZER_NUMBER_OBJECT_CONVERSION = YES_AGGRESSIVE;
				CLANG_CXX_LANGUAGE_STANDARD = "gnu++20";
				CLANG_ENABLE_MODULES = YES;
				CLANG_ENABLE_OBJC_ARC = YES;
				CLANG_ENABLE_OBJC_WEAK = YES;
				CLANG_WARN_BLOCK_CAPTURE_AUTORELEASING = YES;
				CLANG_WARN_BOOL_CONVERSION = YES;
				CLANG_WARN_COMMA = YES;
				CLANG_WARN_CONSTANT_CONVERSION = YES;
				CLANG_WARN_DEPRECATED_OBJC_IMPLEMENTATIONS = YES;
				CLANG_WARN_DIRECT_OBJC_ISA_USAGE = YES_ERROR;
				CLANG_WARN_DOCUMENTATION_COMMENTS = YES;
				CLANG_WARN_EMPTY_BODY = YES;
				CLANG_WARN_ENUM_CONVERSION = YES;
				CLANG_WARN_INFINITE_RECURSION = YES;
				CLANG_WARN_INT_CONVERSION = YES;
				CLANG_WARN_NON_LITERAL_NULL_CONVERSION = YES;
				CLANG_WARN_OBJC_IMPLICIT_RETAIN_SELF = YES;
				CLANG_WARN_OBJC_LITERAL_CONVERSION = YES;
				CLANG_WARN_OBJC_ROOT_CLASS = YES_ERROR;
				CLANG_WARN_QUOTED_INCLUDE_IN_FRAMEWORK_HEADER = YES;
				CLANG_WARN_RANGE_LOOP_ANALYSIS = YES;
				CLANG_WARN_STRICT_PROTOTYPES = YES;
				CLANG_WARN_SUSPICIOUS_MOVE = YES;
				CLANG_WARN_UNGUARDED_AVAILABILITY = YES_AGGRESSIVE;
				CLANG_WARN_UNREACHABLE_CODE = YES;
				CLANG_WARN__DUPLICATE_METHOD_MATCH = YES;
				COPY_PHASE_STRIP = NO;
				DEBUG_INFORMATION_FORMAT = "dwarf-with-dsym";
				ENABLE_NS_ASSERTIONS = NO;
				ENABLE_STRICT_OBJC_MSGSEND = YES;
				GCC_C_LANGUAGE_STANDARD = gnu11;
				GCC_NO_COMMON_BLOCKS = YES;
				GCC_WARN_64_TO_32_BIT_CONVERSION = YES;
				GCC_WARN_ABOUT_RETURN_TYPE = YES_ERROR;
				GCC_WARN_UNDECLARED_SELECTOR = YES;
				GCC_WARN_UNINITIALIZED_AUTOS = YES_AGGRESSIVE;
				GCC_WARN_UNUSED_FUNCTION = YES;
				GCC_WARN_UNUSED_VARIABLE = YES;
				IPHONEOS_DEPLOYMENT_TARGET = 14.0;
				MTL_ENABLE_DEBUG_INFO = NO;
				MTL_FAST_MATH = YES;
				SDKROOT = iphoneos;
				SWIFT_COMPILATION_MODE = wholemodule;
				SWIFT_OPTIMIZATION_LEVEL = "-O";
				VALIDATE_PRODUCT = YES;
			};
			name = Release;
		};
		1F6C079D2A57FF7C00B4EAFE /* Debug */ = {
			isa = XCBuildConfiguration;
			baseConfigurationReference = 696D68F000FB086E4EBFB17E /* Pods-ESG Connect.debug.xcconfig */;
			buildSettings = {
				ASSETCATALOG_COMPILER_APPICON_NAME = AppIcon;
				ASSETCATALOG_COMPILER_GLOBAL_ACCENT_COLOR_NAME = AccentColor;
				CODE_SIGN_ENTITLEMENTS = "ESG Connect.entitlements";
				CODE_SIGN_STYLE = Automatic;
				CURRENT_PROJECT_VERSION = 1;
				DEBUG_INFORMATION_FORMAT = "dwarf-with-dsym";
				DEVELOPMENT_TEAM = NV57XZ3KBV;
				GENERATE_INFOPLIST_FILE = YES;
				INFOPLIST_FILE = ESGConnect/Info.plist;
				INFOPLIST_KEY_CFBundleDisplayName = Workable;
				INFOPLIST_KEY_LSApplicationCategoryType = "public.app-category.business";
				INFOPLIST_KEY_UIApplicationSupportsIndirectInputEvents = YES;
				INFOPLIST_KEY_UILaunchStoryboardName = LaunchScreen.storyboard;
				INFOPLIST_KEY_UIMainStoryboardFile = "";
				INFOPLIST_KEY_UISupportedInterfaceOrientations = UIInterfaceOrientationPortrait;
				INFOPLIST_KEY_UISupportedInterfaceOrientations_iPad = "UIInterfaceOrientationLandscapeLeft UIInterfaceOrientationLandscapeRight UIInterfaceOrientationPortrait UIInterfaceOrientationPortraitUpsideDown";
				IPHONEOS_DEPLOYMENT_TARGET = 14.0;
				LD_RUNPATH_SEARCH_PATHS = (
					"$(inherited)",
					"@executable_path/Frameworks",
				);
				MARKETING_VERSION = 1.0;
				PRODUCT_BUNDLE_IDENTIFIER = "com.CanDuru.ESG-Connect";
				PRODUCT_NAME = "$(TARGET_NAME)";
				SUPPORTED_PLATFORMS = "iphoneos iphonesimulator";
				SUPPORTS_MACCATALYST = NO;
				SUPPORTS_MAC_DESIGNED_FOR_IPHONE_IPAD = NO;
				SWIFT_EMIT_LOC_STRINGS = YES;
				SWIFT_VERSION = 5.0;
				TARGETED_DEVICE_FAMILY = 1;
			};
			name = Debug;
		};
		1F6C079E2A57FF7C00B4EAFE /* Release */ = {
			isa = XCBuildConfiguration;
			baseConfigurationReference = B59D1F12AE89124ABBCB53A0 /* Pods-ESG Connect.release.xcconfig */;
			buildSettings = {
				ASSETCATALOG_COMPILER_APPICON_NAME = AppIcon;
				ASSETCATALOG_COMPILER_GLOBAL_ACCENT_COLOR_NAME = AccentColor;
				CODE_SIGN_ENTITLEMENTS = "ESG Connect.entitlements";
				CODE_SIGN_STYLE = Automatic;
				CURRENT_PROJECT_VERSION = 1;
				DEBUG_INFORMATION_FORMAT = "dwarf-with-dsym";
				DEVELOPMENT_TEAM = NV57XZ3KBV;
				GENERATE_INFOPLIST_FILE = YES;
				INFOPLIST_FILE = ESGConnect/Info.plist;
				INFOPLIST_KEY_CFBundleDisplayName = Workable;
				INFOPLIST_KEY_LSApplicationCategoryType = "public.app-category.business";
				INFOPLIST_KEY_UIApplicationSupportsIndirectInputEvents = YES;
				INFOPLIST_KEY_UILaunchStoryboardName = LaunchScreen.storyboard;
				INFOPLIST_KEY_UIMainStoryboardFile = "";
				INFOPLIST_KEY_UISupportedInterfaceOrientations = UIInterfaceOrientationPortrait;
				INFOPLIST_KEY_UISupportedInterfaceOrientations_iPad = "UIInterfaceOrientationLandscapeLeft UIInterfaceOrientationLandscapeRight UIInterfaceOrientationPortrait UIInterfaceOrientationPortraitUpsideDown";
				IPHONEOS_DEPLOYMENT_TARGET = 14.0;
				LD_RUNPATH_SEARCH_PATHS = (
					"$(inherited)",
					"@executable_path/Frameworks",
				);
				MARKETING_VERSION = 1.0;
				PRODUCT_BUNDLE_IDENTIFIER = "com.CanDuru.ESG-Connect";
				PRODUCT_NAME = "$(TARGET_NAME)";
				SUPPORTED_PLATFORMS = "iphoneos iphonesimulator";
				SUPPORTS_MACCATALYST = NO;
				SUPPORTS_MAC_DESIGNED_FOR_IPHONE_IPAD = NO;
				SWIFT_EMIT_LOC_STRINGS = YES;
				SWIFT_VERSION = 5.0;
				TARGETED_DEVICE_FAMILY = 1;
			};
			name = Release;
		};
		1F6C07A02A57FF7C00B4EAFE /* Debug */ = {
			isa = XCBuildConfiguration;
			baseConfigurationReference = FB64741BE05CC0A764260DA5 /* Pods-ESG ConnectTests.debug.xcconfig */;
			buildSettings = {
				ALWAYS_EMBED_SWIFT_STANDARD_LIBRARIES = YES;
				BUNDLE_LOADER = "$(TEST_HOST)";
				CODE_SIGN_STYLE = Automatic;
				CURRENT_PROJECT_VERSION = 1;
				DEVELOPMENT_TEAM = NV57XZ3KBV;
				GENERATE_INFOPLIST_FILE = YES;
				IPHONEOS_DEPLOYMENT_TARGET = 16.4;
				MARKETING_VERSION = 1.0;
				PRODUCT_BUNDLE_IDENTIFIER = "com.CanDuru.ESG-ConnectTests";
				PRODUCT_NAME = "$(TARGET_NAME)";
				SWIFT_EMIT_LOC_STRINGS = NO;
				SWIFT_VERSION = 5.0;
				TARGETED_DEVICE_FAMILY = "1,2";
				TEST_HOST = "$(BUILT_PRODUCTS_DIR)/ESG Connect.app/$(BUNDLE_EXECUTABLE_FOLDER_PATH)/ESG Connect";
			};
			name = Debug;
		};
		1F6C07A12A57FF7C00B4EAFE /* Release */ = {
			isa = XCBuildConfiguration;
			baseConfigurationReference = 0F9A1FC9F8D0A71F093421F3 /* Pods-ESG ConnectTests.release.xcconfig */;
			buildSettings = {
				ALWAYS_EMBED_SWIFT_STANDARD_LIBRARIES = YES;
				BUNDLE_LOADER = "$(TEST_HOST)";
				CODE_SIGN_STYLE = Automatic;
				CURRENT_PROJECT_VERSION = 1;
				DEVELOPMENT_TEAM = NV57XZ3KBV;
				GENERATE_INFOPLIST_FILE = YES;
				IPHONEOS_DEPLOYMENT_TARGET = 16.4;
				MARKETING_VERSION = 1.0;
				PRODUCT_BUNDLE_IDENTIFIER = "com.CanDuru.ESG-ConnectTests";
				PRODUCT_NAME = "$(TARGET_NAME)";
				SWIFT_EMIT_LOC_STRINGS = NO;
				SWIFT_VERSION = 5.0;
				TARGETED_DEVICE_FAMILY = "1,2";
				TEST_HOST = "$(BUILT_PRODUCTS_DIR)/ESG Connect.app/$(BUNDLE_EXECUTABLE_FOLDER_PATH)/ESG Connect";
			};
			name = Release;
		};
		1F6C07A32A57FF7C00B4EAFE /* Debug */ = {
			isa = XCBuildConfiguration;
			baseConfigurationReference = 02AA3FFD4D7E11E644A63518 /* Pods-ESG Connect-ESG ConnectUITests.debug.xcconfig */;
			buildSettings = {
				ALWAYS_EMBED_SWIFT_STANDARD_LIBRARIES = YES;
				CODE_SIGN_STYLE = Automatic;
				CURRENT_PROJECT_VERSION = 1;
				DEVELOPMENT_TEAM = NV57XZ3KBV;
				GENERATE_INFOPLIST_FILE = YES;
				MARKETING_VERSION = 1.0;
				PRODUCT_BUNDLE_IDENTIFIER = "com.CanDuru.ESG-ConnectUITests";
				PRODUCT_NAME = "$(TARGET_NAME)";
				SWIFT_EMIT_LOC_STRINGS = NO;
				SWIFT_VERSION = 5.0;
				TARGETED_DEVICE_FAMILY = "1,2";
				TEST_TARGET_NAME = "ESG Connect";
			};
			name = Debug;
		};
		1F6C07A42A57FF7C00B4EAFE /* Release */ = {
			isa = XCBuildConfiguration;
			baseConfigurationReference = FAD09B4522E3D7BAC17CF95E /* Pods-ESG Connect-ESG ConnectUITests.release.xcconfig */;
			buildSettings = {
				ALWAYS_EMBED_SWIFT_STANDARD_LIBRARIES = YES;
				CODE_SIGN_STYLE = Automatic;
				CURRENT_PROJECT_VERSION = 1;
				DEVELOPMENT_TEAM = NV57XZ3KBV;
				GENERATE_INFOPLIST_FILE = YES;
				MARKETING_VERSION = 1.0;
				PRODUCT_BUNDLE_IDENTIFIER = "com.CanDuru.ESG-ConnectUITests";
				PRODUCT_NAME = "$(TARGET_NAME)";
				SWIFT_EMIT_LOC_STRINGS = NO;
				SWIFT_VERSION = 5.0;
				TARGETED_DEVICE_FAMILY = "1,2";
				TEST_TARGET_NAME = "ESG Connect";
			};
			name = Release;
		};
/* End XCBuildConfiguration section */

/* Begin XCConfigurationList section */
		1F6C076D2A57FF7A00B4EAFE /* Build configuration list for PBXProject "ESG Connect" */ = {
			isa = XCConfigurationList;
			buildConfigurations = (
				1F6C079A2A57FF7C00B4EAFE /* Debug */,
				1F6C079B2A57FF7C00B4EAFE /* Release */,
			);
			defaultConfigurationIsVisible = 0;
			defaultConfigurationName = Release;
		};
		1F6C079C2A57FF7C00B4EAFE /* Build configuration list for PBXNativeTarget "ESG Connect" */ = {
			isa = XCConfigurationList;
			buildConfigurations = (
				1F6C079D2A57FF7C00B4EAFE /* Debug */,
				1F6C079E2A57FF7C00B4EAFE /* Release */,
			);
			defaultConfigurationIsVisible = 0;
			defaultConfigurationName = Release;
		};
		1F6C079F2A57FF7C00B4EAFE /* Build configuration list for PBXNativeTarget "ESG ConnectTests" */ = {
			isa = XCConfigurationList;
			buildConfigurations = (
				1F6C07A02A57FF7C00B4EAFE /* Debug */,
				1F6C07A12A57FF7C00B4EAFE /* Release */,
			);
			defaultConfigurationIsVisible = 0;
			defaultConfigurationName = Release;
		};
		1F6C07A22A57FF7C00B4EAFE /* Build configuration list for PBXNativeTarget "ESG ConnectUITests" */ = {
			isa = XCConfigurationList;
			buildConfigurations = (
				1F6C07A32A57FF7C00B4EAFE /* Debug */,
				1F6C07A42A57FF7C00B4EAFE /* Release */,
			);
			defaultConfigurationIsVisible = 0;
			defaultConfigurationName = Release;
		};
/* End XCConfigurationList section */
	};
	rootObject = 1F6C076A2A57FF7A00B4EAFE /* Project object */;
}
